// !$*UTF8*$!
{
	archiveVersion = 1;
	classes = {
	};
	objectVersion = 56;
	objects = {

/* Begin PBXBuildFile section */
		BA7584112B9F17ED00A6DAEB /* DBHelper.swift in Sources */ = {isa = PBXBuildFile; fileRef = BA7584102B9F17ED00A6DAEB /* DBHelper.swift */; };
		BADFA7112B9EC99C00FD543F /* AppDelegate.swift in Sources */ = {isa = PBXBuildFile; fileRef = BADFA7102B9EC99C00FD543F /* AppDelegate.swift */; };
		BADFA7132B9EC99C00FD543F /* SceneDelegate.swift in Sources */ = {isa = PBXBuildFile; fileRef = BADFA7122B9EC99C00FD543F /* SceneDelegate.swift */; };
		BADFA7152B9EC99C00FD543F /* ViewController.swift in Sources */ = {isa = PBXBuildFile; fileRef = BADFA7142B9EC99C00FD543F /* ViewController.swift */; };
		BADFA7182B9EC99C00FD543F /* Main.storyboard in Resources */ = {isa = PBXBuildFile; fileRef = BADFA7162B9EC99C00FD543F /* Main.storyboard */; };
		BADFA71A2B9EC99D00FD543F /* Assets.xcassets in Resources */ = {isa = PBXBuildFile; fileRef = BADFA7192B9EC99D00FD543F /* Assets.xcassets */; };
		BADFA71D2B9EC99D00FD543F /* LaunchScreen.storyboard in Resources */ = {isa = PBXBuildFile; fileRef = BADFA71B2B9EC99D00FD543F /* LaunchScreen.storyboard */; };
		BAF1F20A2BA018E300029C03 /* UserDeatilCollectionViewCell.swift in Sources */ = {isa = PBXBuildFile; fileRef = BAF1F2092BA018E300029C03 /* UserDeatilCollectionViewCell.swift */; };
		BAF1F20C2BA0191A00029C03 /* GetDataViewController.swift in Sources */ = {isa = PBXBuildFile; fileRef = BAF1F20B2BA0191A00029C03 /* GetDataViewController.swift */; };
/* End PBXBuildFile section */

/* Begin PBXFileReference section */
		BA7584102B9F17ED00A6DAEB /* DBHelper.swift */ = {isa = PBXFileReference; lastKnownFileType = sourcecode.swift; path = DBHelper.swift; sourceTree = "<group>"; };
		BADFA70D2B9EC99C00FD543F /* Image to Url convert.app */ = {isa = PBXFileReference; explicitFileType = wrapper.application; includeInIndex = 0; path = "Image to Url convert.app"; sourceTree = BUILT_PRODUCTS_DIR; };
		BADFA7102B9EC99C00FD543F /* AppDelegate.swift */ = {isa = PBXFileReference; lastKnownFileType = sourcecode.swift; path = AppDelegate.swift; sourceTree = "<group>"; };
		BADFA7122B9EC99C00FD543F /* SceneDelegate.swift */ = {isa = PBXFileReference; lastKnownFileType = sourcecode.swift; path = SceneDelegate.swift; sourceTree = "<group>"; };
		BADFA7142B9EC99C00FD543F /* ViewController.swift */ = {isa = PBXFileReference; lastKnownFileType = sourcecode.swift; path = ViewController.swift; sourceTree = "<group>"; };
		BADFA7172B9EC99C00FD543F /* Base */ = {isa = PBXFileReference; lastKnownFileType = file.storyboard; name = Base; path = Base.lproj/Main.storyboard; sourceTree = "<group>"; };
		BADFA7192B9EC99D00FD543F /* Assets.xcassets */ = {isa = PBXFileReference; lastKnownFileType = folder.assetcatalog; path = Assets.xcassets; sourceTree = "<group>"; };
		BADFA71C2B9EC99D00FD543F /* Base */ = {isa = PBXFileReference; lastKnownFileType = file.storyboard; name = Base; path = Base.lproj/LaunchScreen.storyboard; sourceTree = "<group>"; };
		BADFA71E2B9EC99D00FD543F /* Info.plist */ = {isa = PBXFileReference; lastKnownFileType = text.plist.xml; path = Info.plist; sourceTree = "<group>"; };
		BAF1F2092BA018E300029C03 /* UserDeatilCollectionViewCell.swift */ = {isa = PBXFileReference; lastKnownFileType = sourcecode.swift; path = UserDeatilCollectionViewCell.swift; sourceTree = "<group>"; };
		BAF1F20B2BA0191A00029C03 /* GetDataViewController.swift */ = {isa = PBXFileReference; lastKnownFileType = sourcecode.swift; path = GetDataViewController.swift; sourceTree = "<group>"; };
/* End PBXFileReference section */

/* Begin PBXFrameworksBuildPhase section */
		BADFA70A2B9EC99C00FD543F /* Frameworks */ = {
			isa = PBXFrameworksBuildPhase;
			buildActionMask = 2147483647;
			files = (
			);
			runOnlyForDeploymentPostprocessing = 0;
		};
/* End PBXFrameworksBuildPhase section */

/* Begin PBXGroup section */
		BADFA7042B9EC99C00FD543F = {
			isa = PBXGroup;
			children = (
				BADFA70F2B9EC99C00FD543F /* Image to Url convert */,
				BADFA70E2B9EC99C00FD543F /* Products */,
			);
			sourceTree = "<group>";
		};
		BADFA70E2B9EC99C00FD543F /* Products */ = {
			isa = PBXGroup;
			children = (
				BADFA70D2B9EC99C00FD543F /* Image to Url convert.app */,
			);
			name = Products;
			sourceTree = "<group>";
		};
		BADFA70F2B9EC99C00FD543F /* Image to Url convert */ = {
			isa = PBXGroup;
			children = (
				BADFA7102B9EC99C00FD543F /* AppDelegate.swift */,
				BADFA7122B9EC99C00FD543F /* SceneDelegate.swift */,
				BAF1F2092BA018E300029C03 /* UserDeatilCollectionViewCell.swift */,
				BA7584102B9F17ED00A6DAEB /* DBHelper.swift */,
				BADFA7142B9EC99C00FD543F /* ViewController.swift */,
				BADFA7162B9EC99C00FD543F /* Main.storyboard */,
				BAF1F20B2BA0191A00029C03 /* GetDataViewController.swift */,
				BADFA7192B9EC99D00FD543F /* Assets.xcassets */,
				BADFA71B2B9EC99D00FD543F /* LaunchScreen.storyboard */,
				BADFA71E2B9EC99D00FD543F /* Info.plist */,
			);
			path = "Image to Url convert";
			sourceTree = "<group>";
		};
/* End PBXGroup section */

/* Begin PBXNativeTarget section */
		BADFA70C2B9EC99C00FD543F /* Image to Url convert */ = {
			isa = PBXNativeTarget;
			buildConfigurationList = BADFA7212B9EC99D00FD543F /* Build configuration list for PBXNativeTarget "Image to Url convert" */;
			buildPhases = (
				BADFA7092B9EC99C00FD543F /* Sources */,
				BADFA70A2B9EC99C00FD543F /* Frameworks */,
				BADFA70B2B9EC99C00FD543F /* Resources */,
			);
			buildRules = (
			);
			dependencies = (
			);
			name = "Image to Url convert";
			productName = "Image to Url convert";
			productReference = BADFA70D2B9EC99C00FD543F /* Image to Url convert.app */;
			productType = "com.apple.product-type.application";
		};
/* End PBXNativeTarget section */

/* Begin PBXProject section */
		BADFA7052B9EC99C00FD543F /* Project object */ = {
			isa = PBXProject;
			attributes = {
				BuildIndependentTargetsInParallel = 1;
				LastSwiftUpdateCheck = 1520;
				LastUpgradeCheck = 1520;
				TargetAttributes = {
					BADFA70C2B9EC99C00FD543F = {
						CreatedOnToolsVersion = 15.2;
					};
				};
			};
			buildConfigurationList = BADFA7082B9EC99C00FD543F /* Build configuration list for PBXProject "Image to Url convert" */;
			compatibilityVersion = "Xcode 14.0";
			developmentRegion = en;
			hasScannedForEncodings = 0;
			knownRegions = (
				en,
				Base,
			);
			mainGroup = BADFA7042B9EC99C00FD543F;
			productRefGroup = BADFA70E2B9EC99C00FD543F /* Products */;
			projectDirPath = "";
			projectRoot = "";
			targets = (
				BADFA70C2B9EC99C00FD543F /* Image to Url convert */,
			);
		};
/* End PBXProject section */

/* Begin PBXResourcesBuildPhase section */
		BADFA70B2B9EC99C00FD543F /* Resources */ = {
			isa = PBXResourcesBuildPhase;
			buildActionMask = 2147483647;
			files = (
				BADFA71D2B9EC99D00FD543F /* LaunchScreen.storyboard in Resources */,
				BADFA71A2B9EC99D00FD543F /* Assets.xcassets in Resources */,
				BADFA7182B9EC99C00FD543F /* Main.storyboard in Resources */,
			);
			runOnlyForDeploymentPostprocessing = 0;
		};
/* End PBXResourcesBuildPhase section */

/* Begin PBXSourcesBuildPhase section */
		BADFA7092B9EC99C00FD543F /* Sources */ = {
			isa = PBXSourcesBuildPhase;
			buildActionMask = 2147483647;
			files = (
				BADFA7152B9EC99C00FD543F /* ViewController.swift in Sources */,
				BAF1F20A2BA018E300029C03 /* UserDeatilCollectionViewCell.swift in Sources */,
				BADFA7112B9EC99C00FD543F /* AppDelegate.swift in Sources */,
				BAF1F20C2BA0191A00029C03 /* GetDataViewController.swift in Sources */,
				BADFA7132B9EC99C00FD543F /* SceneDelegate.swift in Sources */,
				BA7584112B9F17ED00A6DAEB /* DBHelper.swift in Sources */,
			);
			runOnlyForDeploymentPostprocessing = 0;
		};
/* End PBXSourcesBuildPhase section */

/* Begin PBXVariantGroup section */
		BADFA7162B9EC99C00FD543F /* Main.storyboard */ = {
			isa = PBXVariantGroup;
			children = (
				BADFA7172B9EC99C00FD543F /* Base */,
			);
			name = Main.storyboard;
			sourceTree = "<group>";
		};
		BADFA71B2B9EC99D00FD543F /* LaunchScreen.storyboard */ = {
			isa = PBXVariantGroup;
			children = (
				BADFA71C2B9EC99D00FD543F /* Base */,
			);
			name = LaunchScreen.storyboard;
			sourceTree = "<group>";
		};
/* End PBXVariantGroup section */

/* Begin XCBuildConfiguration section */
		BADFA71F2B9EC99D00FD543F /* Debug */ = {
			isa = XCBuildConfiguration;
			buildSettings = {
				ALWAYS_SEARCH_USER_PATHS = NO;
				ASSETCATALOG_COMPILER_GENERATE_SWIFT_ASSET_SYMBOL_EXTENSIONS = YES;
				CLANG_ANALYZER_NONNULL = YES;
				CLANG_ANALYZER_NUMBER_OBJECT_CONVERSION = YES_AGGRESSIVE;
				CLANG_CXX_LANGUAGE_STANDARD = "gnu++20";
				CLANG_ENABLE_MODULES = YES;
				CLANG_ENABLE_OBJC_ARC = YES;
				CLANG_ENABLE_OBJC_WEAK = YES;
				CLANG_WARN_BLOCK_CAPTURE_AUTORELEASING = YES;
				CLANG_WARN_BOOL_CONVERSION = YES;
				CLANG_WARN_COMMA = YES;
				CLANG_WARN_CONSTANT_CONVERSION = YES;
				CLANG_WARN_DEPRECATED_OBJC_IMPLEMENTATIONS = YES;
				CLANG_WARN_DIRECT_OBJC_ISA_USAGE = YES_ERROR;
				CLANG_WARN_DOCUMENTATION_COMMENTS = YES;
				CLANG_WARN_EMPTY_BODY = YES;
				CLANG_WARN_ENUM_CONVERSION = YES;
				CLANG_WARN_INFINITE_RECURSION = YES;
				CLANG_WARN_INT_CONVERSION = YES;
				CLANG_WARN_NON_LITERAL_NULL_CONVERSION = YES;
				CLANG_WARN_OBJC_IMPLICIT_RETAIN_SELF = YES;
				CLANG_WARN_OBJC_LITERAL_CONVERSION = YES;
				CLANG_WARN_OBJC_ROOT_CLASS = YES_ERROR;
				CLANG_WARN_QUOTED_INCLUDE_IN_FRAMEWORK_HEADER = YES;
				CLANG_WARN_RANGE_LOOP_ANALYSIS = YES;
				CLANG_WARN_STRICT_PROTOTYPES = YES;
				CLANG_WARN_SUSPICIOUS_MOVE = YES;
				CLANG_WARN_UNGUARDED_AVAILABILITY = YES_AGGRESSIVE;
				CLANG_WARN_UNREACHABLE_CODE = YES;
				CLANG_WARN__DUPLICATE_METHOD_MATCH = YES;
				COPY_PHASE_STRIP = NO;
				DEBUG_INFORMATION_FORMAT = dwarf;
				ENABLE_STRICT_OBJC_MSGSEND = YES;
				ENABLE_TESTABILITY = YES;
				ENABLE_USER_SCRIPT_SANDBOXING = YES;
				GCC_C_LANGUAGE_STANDARD = gnu17;
				GCC_DYNAMIC_NO_PIC = NO;
				GCC_NO_COMMON_BLOCKS = YES;
				GCC_OPTIMIZATION_LEVEL = 0;
				GCC_PREPROCESSOR_DEFINITIONS = (
					"DEBUG=1",
					"$(inherited)",
				);
				GCC_WARN_64_TO_32_BIT_CONVERSION = YES;
				GCC_WARN_ABOUT_RETURN_TYPE = YES_ERROR;
				GCC_WARN_UNDECLARED_SELECTOR = YES;
				GCC_WARN_UNINITIALIZED_AUTOS = YES_AGGRESSIVE;
				GCC_WARN_UNUSED_FUNCTION = YES;
				GCC_WARN_UNUSED_VARIABLE = YES;
				IPHONEOS_DEPLOYMENT_TARGET = 17.2;
				LOCALIZATION_PREFERS_STRING_CATALOGS = YES;
				MTL_ENABLE_DEBUG_INFO = INCLUDE_SOURCE;
				MTL_FAST_MATH = YES;
				ONLY_ACTIVE_ARCH = YES;
				SDKROOT = iphoneos;
				SWIFT_ACTIVE_COMPILATION_CONDITIONS = "DEBUG $(inherited)";
				SWIFT_OPTIMIZATION_LEVEL = "-Onone";
			};
			name = Debug;
		};
		BADFA7202B9EC99D00FD543F /* Release */ = {
			isa = XCBuildConfiguration;
			buildSettings = {
				ALWAYS_SEARCH_USER_PATHS = NO;
				ASSETCATALOG_COMPILER_GENERATE_SWIFT_ASSET_SYMBOL_EXTENSIONS = YES;
				CLANG_ANALYZER_NONNULL = YES;
				CLANG_ANALYZER_NUMBER_OBJECT_CONVERSION = YES_AGGRESSIVE;
				CLANG_CXX_LANGUAGE_STANDARD = "gnu++20";
				CLANG_ENABLE_MODULES = YES;
				CLANG_ENABLE_OBJC_ARC = YES;
				CLANG_ENABLE_OBJC_WEAK = YES;
				CLANG_WARN_BLOCK_CAPTURE_AUTORELEASING = YES;
				CLANG_WARN_BOOL_CONVERSION = YES;
				CLANG_WARN_COMMA = YES;
				CLANG_WARN_CONSTANT_CONVERSION = YES;
				CLANG_WARN_DEPRECATED_OBJC_IMPLEMENTATIONS = YES;
				CLANG_WARN_DIRECT_OBJC_ISA_USAGE = YES_ERROR;
				CLANG_WARN_DOCUMENTATION_COMMENTS = YES;
				CLANG_WARN_EMPTY_BODY = YES;
				CLANG_WARN_ENUM_CONVERSION = YES;
				CLANG_WARN_INFINITE_RECURSION = YES;
				CLANG_WARN_INT_CONVERSION = YES;
				CLANG_WARN_NON_LITERAL_NULL_CONVERSION = YES;
				CLANG_WARN_OBJC_IMPLICIT_RETAIN_SELF = YES;
				CLANG_WARN_OBJC_LITERAL_CONVERSION = YES;
				CLANG_WARN_OBJC_ROOT_CLASS = YES_ERROR;
				CLANG_WARN_QUOTED_INCLUDE_IN_FRAMEWORK_HEADER = YES;
				CLANG_WARN_RANGE_LOOP_ANALYSIS = YES;
				CLANG_WARN_STRICT_PROTOTYPES = YES;
				CLANG_WARN_SUSPICIOUS_MOVE = YES;
				CLANG_WARN_UNGUARDED_AVAILABILITY = YES_AGGRESSIVE;
				CLANG_WARN_UNREACHABLE_CODE = YES;
				CLANG_WARN__DUPLICATE_METHOD_MATCH = YES;
				COPY_PHASE_STRIP = NO;
				DEBUG_INFORMATION_FORMAT = "dwarf-with-dsym";
				ENABLE_NS_ASSERTIONS = NO;
				ENABLE_STRICT_OBJC_MSGSEND = YES;
				ENABLE_USER_SCRIPT_SANDBOXING = YES;
				GCC_C_LANGUAGE_STANDARD = gnu17;
				GCC_NO_COMMON_BLOCKS = YES;
				GCC_WARN_64_TO_32_BIT_CONVERSION = YES;
				GCC_WARN_ABOUT_RETURN_TYPE = YES_ERROR;
				GCC_WARN_UNDECLARED_SELECTOR = YES;
				GCC_WARN_UNINITIALIZED_AUTOS = YES_AGGRESSIVE;
				GCC_WARN_UNUSED_FUNCTION = YES;
				GCC_WARN_UNUSED_VARIABLE = YES;
				IPHONEOS_DEPLOYMENT_TARGET = 17.2;
				LOCALIZATION_PREFERS_STRING_CATALOGS = YES;
				MTL_ENABLE_DEBUG_INFO = NO;
				MTL_FAST_MATH = YES;
				SDKROOT = iphoneos;
				SWIFT_COMPILATION_MODE = wholemodule;
				VALIDATE_PRODUCT = YES;
			};
			name = Release;
		};
		BADFA7222B9EC99D00FD543F /* Debug */ = {
			isa = XCBuildConfiguration;
			buildSettings = {
				ASSETCATALOG_COMPILER_APPICON_NAME = AppIcon;
				ASSETCATALOG_COMPILER_GLOBAL_ACCENT_COLOR_NAME = AccentColor;
				CODE_SIGN_STYLE = Automatic;
				CURRENT_PROJECT_VERSION = 1;
				GENERATE_INFOPLIST_FILE = YES;
				INFOPLIST_FILE = "Image to Url convert/Info.plist";
				INFOPLIST_KEY_UIApplicationSupportsIndirectInputEvents = YES;
				INFOPLIST_KEY_UILaunchStoryboardName = LaunchScreen;
				INFOPLIST_KEY_UIMainStoryboardFile = Main;
				INFOPLIST_KEY_UISupportedInterfaceOrientations_iPad = "UIInterfaceOrientationPortrait UIInterfaceOrientationPortraitUpsideDown UIInterfaceOrientationLandscapeLeft UIInterfaceOrientationLandscapeRight";
				INFOPLIST_KEY_UISupportedInterfaceOrientations_iPhone = "UIInterfaceOrientationPortrait UIInterfaceOrientationLandscapeLeft UIInterfaceOrientationLandscapeRight";
				LD_RUNPATH_SEARCH_PATHS = (
					"$(inherited)",
					"@executable_path/Frameworks",
				);
				MARKETING_VERSION = 1.0;
				PRODUCT_BUNDLE_IDENTIFIER = "Image.Image-to-Url-convert";
				PRODUCT_NAME = "$(TARGET_NAME)";
				SWIFT_EMIT_LOC_STRINGS = YES;
				SWIFT_VERSION = 5.0;
				TARGETED_DEVICE_FAMILY = "1,2";
			};
			name = Debug;
		};
		BADFA7232B9EC99D00FD543F /* Release */ = {
			isa = XCBuildConfiguration;
			buildSettings = {
				ASSETCATALOG_COMPILER_APPICON_NAME = AppIcon;
				ASSETCATALOG_COMPILER_GLOBAL_ACCENT_COLOR_NAME = AccentColor;
				CODE_SIGN_STYLE = Automatic;
				CURRENT_PROJECT_VERSION = 1;
				GENERATE_INFOPLIST_FILE = YES;
				INFOPLIST_FILE = "Image to Url convert/Info.plist";
				INFOPLIST_KEY_UIApplicationSupportsIndirectInputEvents = YES;
				INFOPLIST_KEY_UILaunchStoryboardName = LaunchScreen;
				INFOPLIST_KEY_UIMainStoryboardFile = Main;
				INFOPLIST_KEY_UISupportedInterfaceOrientations_iPad = "UIInterfaceOrientationPortrait UIInterfaceOrientationPortraitUpsideDown UIInterfaceOrientationLandscapeLeft UIInterfaceOrientationLandscapeRight";
				INFOPLIST_KEY_UISupportedInterfaceOrientations_iPhone = "UIInterfaceOrientationPortrait UIInterfaceOrientationLandscapeLeft UIInterfaceOrientationLandscapeRight";
				LD_RUNPATH_SEARCH_PATHS = (
					"$(inherited)",
					"@executable_path/Frameworks",
				);
				MARKETING_VERSION = 1.0;
				PRODUCT_BUNDLE_IDENTIFIER = "Image.Image-to-Url-convert";
				PRODUCT_NAME = "$(TARGET_NAME)";
				SWIFT_EMIT_LOC_STRINGS = YES;
				SWIFT_VERSION = 5.0;
				TARGETED_DEVICE_FAMILY = "1,2";
			};
			name = Release;
		};
/* End XCBuildConfiguration section */

/* Begin XCConfigurationList section */
		BADFA7082B9EC99C00FD543F /* Build configuration list for PBXProject "Image to Url convert" */ = {
			isa = XCConfigurationList;
			buildConfigurations = (
				BADFA71F2B9EC99D00FD543F /* Debug */,
				BADFA7202B9EC99D00FD543F /* Release */,
			);
			defaultConfigurationIsVisible = 0;
			defaultConfigurationName = Release;
		};
		BADFA7212B9EC99D00FD543F /* Build configuration list for PBXNativeTarget "Image to Url convert" */ = {
			isa = XCConfigurationList;
			buildConfigurations = (
				BADFA7222B9EC99D00FD543F /* Debug */,
				BADFA7232B9EC99D00FD543F /* Release */,
			);
			defaultConfigurationIsVisible = 0;
			defaultConfigurationName = Release;
		};
/* End XCConfigurationList section */
	};
	rootObject = BADFA7052B9EC99C00FD543F /* Project object */;
}
